
Microsoft Visual Studio Solution File, Format Version 12.00
# Visual Studio 2012
Project("{FAE04EC0-301F-11D3-BF4B-00C04F79EFBC}") = "NSCoderSevilla", "NSCoderSevilla\NSCoderSevilla.csproj", "{D3B4E663-3022-4BAE-8FC0-C332383CCDD6}"
EndProject
Project("{FAE04EC0-301F-11D3-BF4B-00C04F79EFBC}") = "Library", "Library\Library.csproj", "{D41561BD-D7F3-4AE1-80DD-962719045F29}"
EndProject
Global
	GlobalSection(SolutionConfigurationPlatforms) = preSolution
		Debug|iPhoneSimulator = Debug|iPhoneSimulator
		Release|iPhone = Release|iPhone
		Release|iPhoneSimulator = Release|iPhoneSimulator
		Debug|iPhone = Debug|iPhone
		Debug|Any CPU = Debug|Any CPU
		Release|Any CPU = Release|Any CPU
	EndGlobalSection
	GlobalSection(ProjectConfigurationPlatforms) = postSolution
		{D3B4E663-3022-4BAE-8FC0-C332383CCDD6}.Debug|iPhoneSimulator.ActiveCfg = Debug|iPhoneSimulator
		{D3B4E663-3022-4BAE-8FC0-C332383CCDD6}.Debug|iPhoneSimulator.Build.0 = Debug|iPhoneSimulator
		{D3B4E663-3022-4BAE-8FC0-C332383CCDD6}.Release|iPhone.ActiveCfg = Release|iPhone
		{D3B4E663-3022-4BAE-8FC0-C332383CCDD6}.Release|iPhone.Build.0 = Release|iPhone
		{D3B4E663-3022-4BAE-8FC0-C332383CCDD6}.Release|iPhoneSimulator.ActiveCfg = Release|iPhoneSimulator
		{D3B4E663-3022-4BAE-8FC0-C332383CCDD6}.Release|iPhoneSimulator.Build.0 = Release|iPhoneSimulator
		{D3B4E663-3022-4BAE-8FC0-C332383CCDD6}.Debug|iPhone.ActiveCfg = Debug|iPhone
		{D3B4E663-3022-4BAE-8FC0-C332383CCDD6}.Debug|iPhone.Build.0 = Debug|iPhone
		{D3B4E663-3022-4BAE-8FC0-C332383CCDD6}.Debug|Any CPU.ActiveCfg = Debug|iPhoneSimulator
		{D3B4E663-3022-4BAE-8FC0-C332383CCDD6}.Debug|Any CPU.Build.0 = Debug|iPhoneSimulator
		{D3B4E663-3022-4BAE-8FC0-C332383CCDD6}.Release|Any CPU.ActiveCfg = Release|iPhone
		{D3B4E663-3022-4BAE-8FC0-C332383CCDD6}.Release|Any CPU.Build.0 = Release|iPhone
		{D41561BD-D7F3-4AE1-80DD-962719045F29}.Debug|iPhoneSimulator.ActiveCfg = Debug|Any CPU
		{D41561BD-D7F3-4AE1-80DD-962719045F29}.Debug|iPhoneSimulator.Build.0 = Debug|Any CPU
		{D41561BD-D7F3-4AE1-80DD-962719045F29}.Release|iPhone.ActiveCfg = Release|Any CPU
		{D41561BD-D7F3-4AE1-80DD-962719045F29}.Release|iPhone.Build.0 = Release|Any CPU
		{D41561BD-D7F3-4AE1-80DD-962719045F29}.Release|iPhoneSimulator.ActiveCfg = Release|Any CPU
		{D41561BD-D7F3-4AE1-80DD-962719045F29}.Release|iPhoneSimulator.Build.0 = Release|Any CPU
		{D41561BD-D7F3-4AE1-80DD-962719045F29}.Debug|iPhone.ActiveCfg = Debug|Any CPU
		{D41561BD-D7F3-4AE1-80DD-962719045F29}.Debug|iPhone.Build.0 = Debug|Any CPU
		{D41561BD-D7F3-4AE1-80DD-962719045F29}.Debug|Any CPU.ActiveCfg = Debug|Any CPU
		{D41561BD-D7F3-4AE1-80DD-962719045F29}.Debug|Any CPU.Build.0 = Debug|Any CPU
		{D41561BD-D7F3-4AE1-80DD-962719045F29}.Release|Any CPU.ActiveCfg = Release|Any CPU
		{D41561BD-D7F3-4AE1-80DD-962719045F29}.Release|Any CPU.Build.0 = Release|Any CPU
	EndGlobalSection
EndGlobal
